<?xml version="1.0" encoding="UTF-8"?>
<Scheme
   LastUpgradeVersion = "0700"
   version = "1.3">
   <BuildAction
      parallelizeBuildables = "YES"
      buildImplicitDependencies = "YES">
      <BuildActionEntries>
         <BuildActionEntry
            buildForTesting = "YES"
            buildForRunning = "YES"
            buildForProfiling = "YES"
            buildForArchiving = "YES"
            buildForAnalyzing = "YES">
            <BuildableReference
               BuildableIdentifier = "primary"
               BlueprintIdentifier = "466856A51C3A1399003ED5C6"
               BuildableName = "&#x57fa;&#x4e8e;&#x73af;&#x4fe1;&#x7684;&#x5373;&#x65f6;&#x901a;&#x8baf;.app"
               BlueprintName = "&#x57fa;&#x4e8e;&#x73af;&#x4fe1;&#x7684;&#x5373;&#x65f6;&#x901a;&#x8baf;"
               ReferencedContainer = "container:&#x57fa;&#x4e8e;&#x73af;&#x4fe1;&#x7684;&#x5373;&#x65f6;&#x901a;&#x8baf;.xcodeproj">
            </BuildableReference>
         </BuildActionEntry>
      </BuildActionEntries>
   </BuildAction>
   <TestAction
      buildConfiguration = "Debug"
      selectedDebuggerIdentifier = "Xcode.DebuggerFoundation.Debugger.LLDB"
      selectedLauncherIdentifier = "Xcode.DebuggerFoundation.Launcher.LLDB"
      shouldUseLaunchSchemeArgsEnv = "YES">
      <Testables>
         <TestableReference
            skipped = "NO">
            <BuildableReference
               BuildableIdentifier = "primary"
               BlueprintIdentifier = "466856BE1C3A1399003ED5C6"
               BuildableName = "&#x57fa;&#x4e8e;&#x73af;&#x4fe1;&#x7684;&#x5373;&#x65f6;&#x901a;&#x8baf;Tests.xctest"
               BlueprintName = "&#x57fa;&#x4e8e;&#x73af;&#x4fe1;&#x7684;&#x5373;&#x65f6;&#x901a;&#x8baf;Tests"
               ReferencedContainer = "container:&#x57fa;&#x4e8e;&#x73af;&#x4fe1;&#x7684;&#x5373;&#x65f6;&#x901a;&#x8baf;.xcodeproj">
            </BuildableReference>
         </TestableReference>
         <TestableReference
            skipped = "NO">
            <BuildableReference
               BuildableIdentifier = "primary"
               BlueprintIdentifier = "466856C91C3A1399003ED5C6"
               BuildableName = "&#x57fa;&#x4e8e;&#x73af;&#x4fe1;&#x7684;&#x5373;&#x65f6;&#x901a;&#x8baf;UITests.xctest"
               BlueprintName = "&#x57fa;&#x4e8e;&#x73af;&#x4fe1;&#x7684;&#x5373;&#x65f6;&#x901a;&#x8baf;UITests"
               ReferencedContainer = "container:&#x57fa;&#x4e8e;&#x73af;&#x4fe1;&#x7684;&#x5373;&#x65f6;&#x901a;&#x8baf;.xcodeproj">
            </BuildableReference>
         </TestableReference>
      </Testables>
      <MacroExpansion>
         <BuildableReference
            BuildableIdentifier = "primary"
            BlueprintIdentifier = "466856A51C3A1399003ED5C6"
            BuildableName = "&#x57fa;&#x4e8e;&#x73af;&#x4fe1;&#x7684;&#x5373;&#x65f6;&#x901a;&#x8baf;.app"
            BlueprintName = "&#x57fa;&#x4e8e;&#x73af;&#x4fe1;&#x7684;&#x5373;&#x65f6;&#x901a;&#x8baf;"
            ReferencedContainer = "container:&#x57fa;&#x4e8e;&#x73af;&#x4fe1;&#x7684;&#x5373;&#x65f6;&#x901a;&#x8baf;.xcodeproj">
         </BuildableReference>
      </MacroExpansion>
      <AdditionalOptions>
      </AdditionalOptions>
   </TestAction>
   <LaunchAction
      buildConfiguration = "Debug"
      selectedDebuggerIdentifier = "Xcode.DebuggerFoundation.Debugger.LLDB"
      selectedLauncherIdentifier = "Xcode.DebuggerFoundation.Launcher.LLDB"
      launchStyle = "0"
      useCustomWorkingDirectory = "NO"
      ignoresPersistentStateOnLaunch = "NO"
      debugDocumentVersioning = "YES"
      debugServiceExtension = "internal"
      allowLocationSimulation = "YES">
      <BuildableProductRunnable
         runnableDebuggingMode = "0">
         <BuildableReference
            BuildableIdentifier = "primary"
            BlueprintIdentifier = "466856A51C3A1399003ED5C6"
            BuildableName = "&#x57fa;&#x4e8e;&#x73af;&#x4fe1;&#x7684;&#x5373;&#x65f6;&#x901a;&#x8baf;.app"
            BlueprintName = "&#x57fa;&#x4e8e;&#x73af;&#x4fe1;&#x7684;&#x5373;&#x65f6;&#x901a;&#x8baf;"
            ReferencedContainer = "container:&#x57fa;&#x4e8e;&#x73af;&#x4fe1;&#x7684;&#x5373;&#x65f6;&#x901a;&#x8baf;.xcodeproj">
         </BuildableReference>
      </BuildableProductRunnable>
      <AdditionalOptions>
      </AdditionalOptions>
   </LaunchAction>
   <ProfileAction
      buildConfiguration = "Release"
      shouldUseLaunchSchemeArgsEnv = "YES"
      savedToolIdentifier = ""
      useCustomWorkingDirectory = "NO"
      debugDocumentVersioning = "YES">
      <BuildableProductRunnable
         runnableDebuggingMode = "0">
         <BuildableReference
            BuildableIdentifier = "primary"
            BlueprintIdentifier = "466856A51C3A1399003ED5C6"
            BuildableName = "&#x57fa;&#x4e8e;&#x73af;&#x4fe1;&#x7684;&#x5373;&#x65f6;&#x901a;&#x8baf;.app"
            BlueprintName = "&#x57fa;&#x4e8e;&#x73af;&#x4fe1;&#x7684;&#x5373;&#x65f6;&#x901a;&#x8baf;"
            ReferencedContainer = "container:&#x57fa;&#x4e8e;&#x73af;&#x4fe1;&#x7684;&#x5373;&#x65f6;&#x901a;&#x8baf;.xcodeproj">
         </BuildableReference>
      </BuildableProductRunnable>
   </ProfileAction>
   <AnalyzeAction
      buildConfiguration = "Debug">
   </AnalyzeAction>
   <ArchiveAction
      buildConfiguration = "Release"
      revealArchiveInOrganizer = "YES">
   </ArchiveAction>
</Scheme>
